github.com/golang/glog v0.0.0-20160126235308-23def4e6c14b h1:VKtxabqXZkF25pY9ekfRL6a582T4P37/31XEstQ5p58=
github.com/golang/glog v0.0.0-20160126235308-23def4e6c14b/go.mod h1:SBH7ygxi8pfUlaOkMMuAQtPIUF8ecWP5IEl/CR7VP2Q=
github.com/hashicorp/errwrap v1.0.0 h1:hLrqtEDnRye3+sgx6z4qVLNuviH3MR5aQ0ykNJa/UYA=
github.com/hashicorp/errwrap v1.0.0/go.mod h1:YH+1FKiLXxHSkmPseP+kNlulaMuP3n2brvKWEqk/Jc4=
github.com/hashicorp/go-multierror v1.0.0 h1:iVjPR7a6H0tWELX5NxNe7bYopibicUzc7uPribsnS6o=
github.com/hashicorp/go-multierror v1.0.0/go.mod h1:dHtQlpGsu+cZNNAkkCN/P3hoUDHhCYQXV3UM06sGGrk=
github.com/jpillora/md-tmpl v0.0.0-20190518024447-9f6f9e5a8cbf h1:q8R7R1yuKsTS5m5QflKK+9UE/N60mYBqzfLMRA65rEs=
github.com/jpillora/md-tmpl v0.0.0-20190518024447-9f6f9e5a8cbf/go.mod h1:kM4ph05W0PGxUvnGNekdJKLB2RI9WuU9Igfm0Ug/Zzw=
github.com/jpillora/opts v1.0.0 h1:HrSoX1EK118+dI4mMER+2zYr3ybP4v3Io/L2ajcmG74=
github.com/jpillora/opts v1.0.0/go.mod h1:9CwarOXfgQBIdG1wc0EfXSbS14ky0BlFqeGmIsyZvvE=
github.com/posener/complete v1.2.1 h1:LrvDIY//XNo65Lq84G/akBuMGlawHvGBABv8f/ZN6DI=
github.com/posener/complete v1.2.1/go.mod h1:6gapUrK/U1TAN7ciCoNRIdVC5sbdBTUh1DKN0g6uH7E=
